// !$*UTF8*$!
{
	archiveVersion = 1;
	classes = {
	};
	objectVersion = 51;
	objects = {

/* Begin PBXBuildFile section */
		10FA04553B168DB1F33281A8 /* libPods-P2PDemo.a in Frameworks */ = {isa = PBXBuildFile; fileRef = CFD94C0FF3F636B4E5E95519 /* libPods-P2PDemo.a */; };
		6303CFA722D72F7800ACC140 /* RTCallEngine.framework in Frameworks */ = {isa = PBXBuildFile; fileRef = 6303CFA522D72F7300ACC140 /* RTCallEngine.framework */; };
		6303CFA822D72F7800ACC140 /* RTCallEngine.framework in Embed Frameworks */ = {isa = PBXBuildFile; fileRef = 6303CFA522D72F7300ACC140 /* RTCallEngine.framework */; settings = {ATTRIBUTES = (CodeSignOnCopy, RemoveHeadersOnCopy, ); }; };
		63112EA1229F67AA00D4671C /* Assets.xcassets in Resources */ = {isa = PBXBuildFile; fileRef = 63112EA0229F67AA00D4671C /* Assets.xcassets */; };
		63112EA7229F67AA00D4671C /* main.m in Sources */ = {isa = PBXBuildFile; fileRef = 63112EA6229F67AA00D4671C /* main.m */; };
		63112EB1229F67AA00D4671C /* P2PDemoTests.m in Sources */ = {isa = PBXBuildFile; fileRef = 63112EB0229F67AA00D4671C /* P2PDemoTests.m */; };
		63112EBC229F67AA00D4671C /* P2PDemoUITests.m in Sources */ = {isa = PBXBuildFile; fileRef = 63112EBB229F67AA00D4671C /* P2PDemoUITests.m */; };
		63112EDD229F684A00D4671C /* AppDelegate.m in Sources */ = {isa = PBXBuildFile; fileRef = 63112ECE229F684A00D4671C /* AppDelegate.m */; };
		63112EDE229F684A00D4671C /* ArMainViewController.m in Sources */ = {isa = PBXBuildFile; fileRef = 63112ED1229F684A00D4671C /* ArMainViewController.m */; };
		63112EDF229F684A00D4671C /* UIAlertController+Blocks.m in Sources */ = {isa = PBXBuildFile; fileRef = 63112ED3229F684A00D4671C /* UIAlertController+Blocks.m */; };
		63112EE0229F684A00D4671C /* ArUserManager.m in Sources */ = {isa = PBXBuildFile; fileRef = 63112ED7229F684A00D4671C /* ArUserManager.m */; };
		63112EE1229F684A00D4671C /* ArCallManager.m in Sources */ = {isa = PBXBuildFile; fileRef = 63112ED8229F684A00D4671C /* ArCallManager.m */; };
		63112EE2229F684A00D4671C /* ArCallViewController.m in Sources */ = {isa = PBXBuildFile; fileRef = 63112EDA229F684A00D4671C /* ArCallViewController.m */; };
		63112EE4229F685E00D4671C /* Main.storyboard in Resources */ = {isa = PBXBuildFile; fileRef = 63112EE3229F685E00D4671C /* Main.storyboard */; };
		637165212407721C001B8C2E /* UIViewController+PresentModel.m in Sources */ = {isa = PBXBuildFile; fileRef = 637165202407721C001B8C2E /* UIViewController+PresentModel.m */; };
		6383BF0D233B39E900ABC2F8 /* WMDragView.m in Sources */ = {isa = PBXBuildFile; fileRef = 6383BF0B233B39E900ABC2F8 /* WMDragView.m */; };
		63AEF99F22A75B0900547E8D /* ArCallCommon.m in Sources */ = {isa = PBXBuildFile; fileRef = 63AEF99D22A75B0900547E8D /* ArCallCommon.m */; };
		63AEF9A322A76EAB00547E8D /* ArContactCallView.m in Sources */ = {isa = PBXBuildFile; fileRef = 63AEF9A122A76EAB00547E8D /* ArContactCallView.m */; };
		63AEF9A422A76EAB00547E8D /* ArContactCallView.xib in Resources */ = {isa = PBXBuildFile; fileRef = 63AEF9A222A76EAB00547E8D /* ArContactCallView.xib */; };
		63AEF9A722A76ED600547E8D /* ArTimeLable.m in Sources */ = {isa = PBXBuildFile; fileRef = 63AEF9A622A76ED600547E8D /* ArTimeLable.m */; };
		63AEF9AA22A76F7C00547E8D /* UIButton+ImageTitleSpacing.m in Sources */ = {isa = PBXBuildFile; fileRef = 63AEF9A922A76F7C00547E8D /* UIButton+ImageTitleSpacing.m */; };
		63AEF9AE22A79D3F00547E8D /* iphone.mp3 in Resources */ = {isa = PBXBuildFile; fileRef = 63AEF9AD22A79D3F00547E8D /* iphone.mp3 */; };
		63AEF9B922A7DB5300547E8D /* ArLogView.m in Sources */ = {isa = PBXBuildFile; fileRef = 63AEF9B822A7DB5200547E8D /* ArLogView.m */; };
/* End PBXBuildFile section */

/* Begin PBXContainerItemProxy section */
		63112EAD229F67AA00D4671C /* PBXContainerItemProxy */ = {
			isa = PBXContainerItemProxy;
			containerPortal = 63112E8C229F67A900D4671C /* Project object */;
			proxyType = 1;
			remoteGlobalIDString = 63112E93229F67A900D4671C;
			remoteInfo = P2PDemo;
		};
		63112EB8229F67AA00D4671C /* PBXContainerItemProxy */ = {
			isa = PBXContainerItemProxy;
			containerPortal = 63112E8C229F67A900D4671C /* Project object */;
			proxyType = 1;
			remoteGlobalIDString = 63112E93229F67A900D4671C;
			remoteInfo = P2PDemo;
		};
/* End PBXContainerItemProxy section */

/* Begin PBXCopyFilesBuildPhase section */
		63112EE8229F694300D4671C /* Embed Frameworks */ = {
			isa = PBXCopyFilesBuildPhase;
			buildActionMask = 2147483647;
			dstPath = "";
			dstSubfolderSpec = 10;
			files = (
				6303CFA822D72F7800ACC140 /* RTCallEngine.framework in Embed Frameworks */,
			);
			name = "Embed Frameworks";
			runOnlyForDeploymentPostprocessing = 0;
		};
/* End PBXCopyFilesBuildPhase section */

/* Begin PBXFileReference section */
		4553A44CAEC91F7E9691BC3E /* Pods-P2PDemo.release.xcconfig */ = {isa = PBXFileReference; includeInIndex = 1; lastKnownFileType = text.xcconfig; name = "Pods-P2PDemo.release.xcconfig"; path = "Target Support Files/Pods-P2PDemo/Pods-P2PDemo.release.xcconfig"; sourceTree = "<group>"; };
		6303CFA522D72F7300ACC140 /* RTCallEngine.framework */ = {isa = PBXFileReference; lastKnownFileType = wrapper.framework; path = RTCallEngine.framework; sourceTree = "<group>"; };
		63112E94229F67A900D4671C /* P2PDemo.app */ = {isa = PBXFileReference; explicitFileType = wrapper.application; includeInIndex = 0; path = P2PDemo.app; sourceTree = BUILT_PRODUCTS_DIR; };
		63112EA0229F67AA00D4671C /* Assets.xcassets */ = {isa = PBXFileReference; lastKnownFileType = folder.assetcatalog; path = Assets.xcassets; sourceTree = "<group>"; };
		63112EA5229F67AA00D4671C /* Info.plist */ = {isa = PBXFileReference; lastKnownFileType = text.plist.xml; path = Info.plist; sourceTree = "<group>"; };
		63112EA6229F67AA00D4671C /* main.m */ = {isa = PBXFileReference; lastKnownFileType = sourcecode.c.objc; path = main.m; sourceTree = "<group>"; };
		63112EAC229F67AA00D4671C /* P2PDemoTests.xctest */ = {isa = PBXFileReference; explicitFileType = wrapper.cfbundle; includeInIndex = 0; path = P2PDemoTests.xctest; sourceTree = BUILT_PRODUCTS_DIR; };
		63112EB0229F67AA00D4671C /* P2PDemoTests.m */ = {isa = PBXFileReference; lastKnownFileType = sourcecode.c.objc; path = P2PDemoTests.m; sourceTree = "<group>"; };
		63112EB2229F67AA00D4671C /* Info.plist */ = {isa = PBXFileReference; lastKnownFileType = text.plist.xml; path = Info.plist; sourceTree = "<group>"; };
		63112EB7229F67AA00D4671C /* P2PDemoUITests.xctest */ = {isa = PBXFileReference; explicitFileType = wrapper.cfbundle; includeInIndex = 0; path = P2PDemoUITests.xctest; sourceTree = BUILT_PRODUCTS_DIR; };
		63112EBB229F67AA00D4671C /* P2PDemoUITests.m */ = {isa = PBXFileReference; lastKnownFileType = sourcecode.c.objc; path = P2PDemoUITests.m; sourceTree = "<group>"; };
		63112EBD229F67AA00D4671C /* Info.plist */ = {isa = PBXFileReference; lastKnownFileType = text.plist.xml; path = Info.plist; sourceTree = "<group>"; };
		63112ECD229F684A00D4671C /* AppDelegate.h */ = {isa = PBXFileReference; fileEncoding = 4; lastKnownFileType = sourcecode.c.h; path = AppDelegate.h; sourceTree = "<group>"; };
		63112ECE229F684A00D4671C /* AppDelegate.m */ = {isa = PBXFileReference; fileEncoding = 4; lastKnownFileType = sourcecode.c.objc; path = AppDelegate.m; sourceTree = "<group>"; };
		63112ED0229F684A00D4671C /* ArMainViewController.h */ = {isa = PBXFileReference; fileEncoding = 4; lastKnownFileType = sourcecode.c.h; path = ArMainViewController.h; sourceTree = "<group>"; };
		63112ED1229F684A00D4671C /* ArMainViewController.m */ = {isa = PBXFileReference; fileEncoding = 4; lastKnownFileType = sourcecode.c.objc; path = ArMainViewController.m; sourceTree = "<group>"; };
		63112ED3229F684A00D4671C /* UIAlertController+Blocks.m */ = {isa = PBXFileReference; fileEncoding = 4; lastKnownFileType = sourcecode.c.objc; path = "UIAlertController+Blocks.m"; sourceTree = "<group>"; };
		63112ED4229F684A00D4671C /* ArUserManager.h */ = {isa = PBXFileReference; fileEncoding = 4; lastKnownFileType = sourcecode.c.h; path = ArUserManager.h; sourceTree = "<group>"; };
		63112ED5229F684A00D4671C /* ArCallManager.h */ = {isa = PBXFileReference; fileEncoding = 4; lastKnownFileType = sourcecode.c.h; path = ArCallManager.h; sourceTree = "<group>"; };
		63112ED6229F684A00D4671C /* UIAlertController+Blocks.h */ = {isa = PBXFileReference; fileEncoding = 4; lastKnownFileType = sourcecode.c.h; path = "UIAlertController+Blocks.h"; sourceTree = "<group>"; };
		63112ED7229F684A00D4671C /* ArUserManager.m */ = {isa = PBXFileReference; fileEncoding = 4; lastKnownFileType = sourcecode.c.objc; path = ArUserManager.m; sourceTree = "<group>"; };
		63112ED8229F684A00D4671C /* ArCallManager.m */ = {isa = PBXFileReference; fileEncoding = 4; lastKnownFileType = sourcecode.c.objc; path = ArCallManager.m; sourceTree = "<group>"; };
		63112EDA229F684A00D4671C /* ArCallViewController.m */ = {isa = PBXFileReference; fileEncoding = 4; lastKnownFileType = sourcecode.c.objc; path = ArCallViewController.m; sourceTree = "<group>"; };
		63112EDB229F684A00D4671C /* ArCallViewController.h */ = {isa = PBXFileReference; fileEncoding = 4; lastKnownFileType = sourcecode.c.h; path = ArCallViewController.h; sourceTree = "<group>"; };
		63112EE3229F685E00D4671C /* Main.storyboard */ = {isa = PBXFileReference; fileEncoding = 4; lastKnownFileType = file.storyboard; path = Main.storyboard; sourceTree = "<group>"; };
		63112EE5229F68CF00D4671C /* PrefixHeader.pch */ = {isa = PBXFileReference; fileEncoding = 4; lastKnownFileType = sourcecode.c.h; path = PrefixHeader.pch; sourceTree = "<group>"; };
		6371651F2407721B001B8C2E /* UIViewController+PresentModel.h */ = {isa = PBXFileReference; fileEncoding = 4; lastKnownFileType = sourcecode.c.h; path = "UIViewController+PresentModel.h"; sourceTree = "<group>"; };
		637165202407721C001B8C2E /* UIViewController+PresentModel.m */ = {isa = PBXFileReference; fileEncoding = 4; lastKnownFileType = sourcecode.c.objc; path = "UIViewController+PresentModel.m"; sourceTree = "<group>"; };
		6383BF0B233B39E900ABC2F8 /* WMDragView.m */ = {isa = PBXFileReference; fileEncoding = 4; lastKnownFileType = sourcecode.c.objc; path = WMDragView.m; sourceTree = "<group>"; };
		6383BF0C233B39E900ABC2F8 /* WMDragView.h */ = {isa = PBXFileReference; fileEncoding = 4; lastKnownFileType = sourcecode.c.h; path = WMDragView.h; sourceTree = "<group>"; };
		63AEF99D22A75B0900547E8D /* ArCallCommon.m */ = {isa = PBXFileReference; fileEncoding = 4; lastKnownFileType = sourcecode.c.objc; path = ArCallCommon.m; sourceTree = "<group>"; };
		63AEF99E22A75B0900547E8D /* ArCallCommon.h */ = {isa = PBXFileReference; fileEncoding = 4; lastKnownFileType = sourcecode.c.h; path = ArCallCommon.h; sourceTree = "<group>"; };
		63AEF9A022A76EAB00547E8D /* ArContactCallView.h */ = {isa = PBXFileReference; fileEncoding = 4; lastKnownFileType = sourcecode.c.h; path = ArContactCallView.h; sourceTree = "<group>"; };
		63AEF9A122A76EAB00547E8D /* ArContactCallView.m */ = {isa = PBXFileReference; fileEncoding = 4; lastKnownFileType = sourcecode.c.objc; path = ArContactCallView.m; sourceTree = "<group>"; };
		63AEF9A222A76EAB00547E8D /* ArContactCallView.xib */ = {isa = PBXFileReference; fileEncoding = 4; lastKnownFileType = file.xib; path = ArContactCallView.xib; sourceTree = "<group>"; };
		63AEF9A522A76ED500547E8D /* ArTimeLable.h */ = {isa = PBXFileReference; fileEncoding = 4; lastKnownFileType = sourcecode.c.h; path = ArTimeLable.h; sourceTree = "<group>"; };
		63AEF9A622A76ED600547E8D /* ArTimeLable.m */ = {isa = PBXFileReference; fileEncoding = 4; lastKnownFileType = sourcecode.c.objc; path = ArTimeLable.m; sourceTree = "<group>"; };
		63AEF9A822A76F7C00547E8D /* UIButton+ImageTitleSpacing.h */ = {isa = PBXFileReference; fileEncoding = 4; lastKnownFileType = sourcecode.c.h; path = "UIButton+ImageTitleSpacing.h"; sourceTree = "<group>"; };
		63AEF9A922A76F7C00547E8D /* UIButton+ImageTitleSpacing.m */ = {isa = PBXFileReference; fileEncoding = 4; lastKnownFileType = sourcecode.c.objc; path = "UIButton+ImageTitleSpacing.m"; sourceTree = "<group>"; };
		63AEF9AD22A79D3F00547E8D /* iphone.mp3 */ = {isa = PBXFileReference; lastKnownFileType = audio.mp3; path = iphone.mp3; sourceTree = "<group>"; };
		63AEF9B722A7DB5200547E8D /* ArLogView.h */ = {isa = PBXFileReference; fileEncoding = 4; lastKnownFileType = sourcecode.c.h; path = ArLogView.h; sourceTree = "<group>"; };
		63AEF9B822A7DB5200547E8D /* ArLogView.m */ = {isa = PBXFileReference; fileEncoding = 4; lastKnownFileType = sourcecode.c.objc; path = ArLogView.m; sourceTree = "<group>"; };
		CFD94C0FF3F636B4E5E95519 /* libPods-P2PDemo.a */ = {isa = PBXFileReference; explicitFileType = archive.ar; includeInIndex = 0; path = "libPods-P2PDemo.a"; sourceTree = BUILT_PRODUCTS_DIR; };
		F2BC4A48FAD8FC3AD971B3C3 /* Pods-P2PDemo.debug.xcconfig */ = {isa = PBXFileReference; includeInIndex = 1; lastKnownFileType = text.xcconfig; name = "Pods-P2PDemo.debug.xcconfig"; path = "Target Support Files/Pods-P2PDemo/Pods-P2PDemo.debug.xcconfig"; sourceTree = "<group>"; };
/* End PBXFileReference section */

/* Begin PBXFrameworksBuildPhase section */
		63112E91229F67A900D4671C /* Frameworks */ = {
			isa = PBXFrameworksBuildPhase;
			buildActionMask = 2147483647;
			files = (
				6303CFA722D72F7800ACC140 /* RTCallEngine.framework in Frameworks */,
				10FA04553B168DB1F33281A8 /* libPods-P2PDemo.a in Frameworks */,
			);
			runOnlyForDeploymentPostprocessing = 0;
		};
		63112EA9229F67AA00D4671C /* Frameworks */ = {
			isa = PBXFrameworksBuildPhase;
			buildActionMask = 2147483647;
			files = (
			);
			runOnlyForDeploymentPostprocessing = 0;
		};
		63112EB4229F67AA00D4671C /* Frameworks */ = {
			isa = PBXFrameworksBuildPhase;
			buildActionMask = 2147483647;
			files = (
			);
			runOnlyForDeploymentPostprocessing = 0;
		};
/* End PBXFrameworksBuildPhase section */

/* Begin PBXGroup section */
		5D5924E6F85BB5ED9DFF1A19 /* Pods */ = {
			isa = PBXGroup;
			children = (
				F2BC4A48FAD8FC3AD971B3C3 /* Pods-P2PDemo.debug.xcconfig */,
				4553A44CAEC91F7E9691BC3E /* Pods-P2PDemo.release.xcconfig */,
			);
			path = Pods;
			sourceTree = "<group>";
		};
		63112E8B229F67A900D4671C = {
			isa = PBXGroup;
			children = (
				63112E96229F67A900D4671C /* P2PDemo */,
				63112EAF229F67AA00D4671C /* P2PDemoTests */,
				63112EBA229F67AA00D4671C /* P2PDemoUITests */,
				63112E95229F67A900D4671C /* Products */,
				5D5924E6F85BB5ED9DFF1A19 /* Pods */,
				AD606BE7AE36E23E15F5B78B /* Frameworks */,
			);
			sourceTree = "<group>";
		};
		63112E95229F67A900D4671C /* Products */ = {
			isa = PBXGroup;
			children = (
				63112E94229F67A900D4671C /* P2PDemo.app */,
				63112EAC229F67AA00D4671C /* P2PDemoTests.xctest */,
				63112EB7229F67AA00D4671C /* P2PDemoUITests.xctest */,
			);
			name = Products;
			sourceTree = "<group>";
		};
		63112E96229F67A900D4671C /* P2PDemo */ = {
			isa = PBXGroup;
			children = (
				6303CFA522D72F7300ACC140 /* RTCallEngine.framework */,
				63112ED2229F684A00D4671C /* Helper */,
				63112ED9229F684A00D4671C /* Call */,
				63112ECF229F684A00D4671C /* Main */,
				63112ECD229F684A00D4671C /* AppDelegate.h */,
				63112ECE229F684A00D4671C /* AppDelegate.m */,
				63112EA0229F67AA00D4671C /* Assets.xcassets */,
				63112EE3229F685E00D4671C /* Main.storyboard */,
				63112EA5229F67AA00D4671C /* Info.plist */,
				63112EA6229F67AA00D4671C /* main.m */,
				63AEF9AD22A79D3F00547E8D /* iphone.mp3 */,
				63112EE5229F68CF00D4671C /* PrefixHeader.pch */,
			);
			path = P2PDemo;
			sourceTree = "<group>";
		};
		63112EAF229F67AA00D4671C /* P2PDemoTests */ = {
			isa = PBXGroup;
			children = (
				63112EB0229F67AA00D4671C /* P2PDemoTests.m */,
				63112EB2229F67AA00D4671C /* Info.plist */,
			);
			path = P2PDemoTests;
			sourceTree = "<group>";
		};
		63112EBA229F67AA00D4671C /* P2PDemoUITests */ = {
			isa = PBXGroup;
			children = (
				63112EBB229F67AA00D4671C /* P2PDemoUITests.m */,
				63112EBD229F67AA00D4671C /* Info.plist */,
			);
			path = P2PDemoUITests;
			sourceTree = "<group>";
		};
		63112ECF229F684A00D4671C /* Main */ = {
			isa = PBXGroup;
			children = (
				63112ED0229F684A00D4671C /* ArMainViewController.h */,
				63112ED1229F684A00D4671C /* ArMainViewController.m */,
			);
			path = Main;
			sourceTree = "<group>";
		};
		63112ED2229F684A00D4671C /* Helper */ = {
			isa = PBXGroup;
			children = (
				63AEF9AC22A79BB800547E8D /* Tool */,
				63AEF9AB22A79B5F00547E8D /* Category */,
			);
			path = Helper;
			sourceTree = "<group>";
		};
		63112ED9229F684A00D4671C /* Call */ = {
			isa = PBXGroup;
			children = (
				63112ED5229F684A00D4671C /* ArCallManager.h */,
				63112ED8229F684A00D4671C /* ArCallManager.m */,
				63112EDB229F684A00D4671C /* ArCallViewController.h */,
				63112EDA229F684A00D4671C /* ArCallViewController.m */,
				63AEF9A022A76EAB00547E8D /* ArContactCallView.h */,
				63AEF9A122A76EAB00547E8D /* ArContactCallView.m */,
				63AEF9A222A76EAB00547E8D /* ArContactCallView.xib */,
			);
			path = Call;
			sourceTree = "<group>";
		};
		6383BF0A233B39E900ABC2F8 /* WMDragView */ = {
			isa = PBXGroup;
			children = (
				6383BF0C233B39E900ABC2F8 /* WMDragView.h */,
				6383BF0B233B39E900ABC2F8 /* WMDragView.m */,
			);
			path = WMDragView;
			sourceTree = "<group>";
		};
		63AEF9AB22A79B5F00547E8D /* Category */ = {
			isa = PBXGroup;
			children = (
				6371651F2407721B001B8C2E /* UIViewController+PresentModel.h */,
				637165202407721C001B8C2E /* UIViewController+PresentModel.m */,
				63112ED6229F684A00D4671C /* UIAlertController+Blocks.h */,
				63112ED3229F684A00D4671C /* UIAlertController+Blocks.m */,
				63AEF9A822A76F7C00547E8D /* UIButton+ImageTitleSpacing.h */,
				63AEF9A922A76F7C00547E8D /* UIButton+ImageTitleSpacing.m */,
			);
			path = Category;
			sourceTree = "<group>";
		};
		63AEF9AC22A79BB800547E8D /* Tool */ = {
			isa = PBXGroup;
			children = (
				6383BF0A233B39E900ABC2F8 /* WMDragView */,
				63AEF99E22A75B0900547E8D /* ArCallCommon.h */,
				63AEF99D22A75B0900547E8D /* ArCallCommon.m */,
				63112ED4229F684A00D4671C /* ArUserManager.h */,
				63112ED7229F684A00D4671C /* ArUserManager.m */,
				63AEF9A522A76ED500547E8D /* ArTimeLable.h */,
				63AEF9A622A76ED600547E8D /* ArTimeLable.m */,
				63AEF9B722A7DB5200547E8D /* ArLogView.h */,
				63AEF9B822A7DB5200547E8D /* ArLogView.m */,
			);
			path = Tool;
			sourceTree = "<group>";
		};
		AD606BE7AE36E23E15F5B78B /* Frameworks */ = {
			isa = PBXGroup;
			children = (
				CFD94C0FF3F636B4E5E95519 /* libPods-P2PDemo.a */,
			);
			name = Frameworks;
			sourceTree = "<group>";
		};
/* End PBXGroup section */

/* Begin PBXNativeTarget section */
		63112E93229F67A900D4671C /* P2PDemo */ = {
			isa = PBXNativeTarget;
			buildConfigurationList = 63112EC0229F67AA00D4671C /* Build configuration list for PBXNativeTarget "P2PDemo" */;
			buildPhases = (
				25016978664BD452AAA98E26 /* [CP] Check Pods Manifest.lock */,
				63112E90229F67A900D4671C /* Sources */,
				63112E91229F67A900D4671C /* Frameworks */,
				63112E92229F67A900D4671C /* Resources */,
				C0BB62A101C790CC94292256 /* [CP] Copy Pods Resources */,
				63112EE8229F694300D4671C /* Embed Frameworks */,
			);
			buildRules = (
			);
			dependencies = (
			);
			name = P2PDemo;
			productName = P2PDemo;
			productReference = 63112E94229F67A900D4671C /* P2PDemo.app */;
			productType = "com.apple.product-type.application";
		};
		63112EAB229F67AA00D4671C /* P2PDemoTests */ = {
			isa = PBXNativeTarget;
			buildConfigurationList = 63112EC3229F67AA00D4671C /* Build configuration list for PBXNativeTarget "P2PDemoTests" */;
			buildPhases = (
				63112EA8229F67AA00D4671C /* Sources */,
				63112EA9229F67AA00D4671C /* Frameworks */,
				63112EAA229F67AA00D4671C /* Resources */,
			);
			buildRules = (
			);
			dependencies = (
				63112EAE229F67AA00D4671C /* PBXTargetDependency */,
			);
			name = P2PDemoTests;
			productName = P2PDemoTests;
			productReference = 63112EAC229F67AA00D4671C /* P2PDemoTests.xctest */;
			productType = "com.apple.product-type.bundle.unit-test";
		};
		63112EB6229F67AA00D4671C /* P2PDemoUITests */ = {
			isa = PBXNativeTarget;
			buildConfigurationList = 63112EC6229F67AA00D4671C /* Build configuration list for PBXNativeTarget "P2PDemoUITests" */;
			buildPhases = (
				63112EB3229F67AA00D4671C /* Sources */,
				63112EB4229F67AA00D4671C /* Frameworks */,
				63112EB5229F67AA00D4671C /* Resources */,
			);
			buildRules = (
			);
			dependencies = (
				63112EB9229F67AA00D4671C /* PBXTargetDependency */,
			);
			name = P2PDemoUITests;
			productName = P2PDemoUITests;
			productReference = 63112EB7229F67AA00D4671C /* P2PDemoUITests.xctest */;
			productType = "com.apple.product-type.bundle.ui-testing";
		};
/* End PBXNativeTarget section */

/* Begin PBXProject section */
		63112E8C229F67A900D4671C /* Project object */ = {
			isa = PBXProject;
			attributes = {
				LastUpgradeCheck = 1010;
				ORGANIZATIONNAME = anyRTC;
				TargetAttributes = {
					63112E93229F67A900D4671C = {
						CreatedOnToolsVersion = 10.1;
						SystemCapabilities = {
							com.apple.BackgroundModes = {
								enabled = 1;
							};
						};
					};
					63112EAB229F67AA00D4671C = {
						CreatedOnToolsVersion = 10.1;
						TestTargetID = 63112E93229F67A900D4671C;
					};
					63112EB6229F67AA00D4671C = {
						CreatedOnToolsVersion = 10.1;
						TestTargetID = 63112E93229F67A900D4671C;
					};
				};
			};
			buildConfigurationList = 63112E8F229F67A900D4671C /* Build configuration list for PBXProject "P2PDemo" */;
			compatibilityVersion = "Xcode 9.3";
			developmentRegion = en;
			hasScannedForEncodings = 0;
			knownRegions = (
				en,
				Base,
			);
			mainGroup = 63112E8B229F67A900D4671C;
			productRefGroup = 63112E95229F67A900D4671C /* Products */;
			projectDirPath = "";
			projectRoot = "";
			targets = (
				63112E93229F67A900D4671C /* P2PDemo */,
				63112EAB229F67AA00D4671C /* P2PDemoTests */,
				63112EB6229F67AA00D4671C /* P2PDemoUITests */,
			);
		};
/* End PBXProject section */

/* Begin PBXResourcesBuildPhase section */
		63112E92229F67A900D4671C /* Resources */ = {
			isa = PBXResourcesBuildPhase;
			buildActionMask = 2147483647;
			files = (
				63112EE4229F685E00D4671C /* Main.storyboard in Resources */,
				63AEF9A422A76EAB00547E8D /* ArContactCallView.xib in Resources */,
				63112EA1229F67AA00D4671C /* Assets.xcassets in Resources */,
				63AEF9AE22A79D3F00547E8D /* iphone.mp3 in Resources */,
			);
			runOnlyForDeploymentPostprocessing = 0;
		};
		63112EAA229F67AA00D4671C /* Resources */ = {
			isa = PBXResourcesBuildPhase;
			buildActionMask = 2147483647;
			files = (
			);
			runOnlyForDeploymentPostprocessing = 0;
		};
		63112EB5229F67AA00D4671C /* Resources */ = {
			isa = PBXResourcesBuildPhase;
			buildActionMask = 2147483647;
			files = (
			);
			runOnlyForDeploymentPostprocessing = 0;
		};
/* End PBXResourcesBuildPhase section */

/* Begin PBXShellScriptBuildPhase section */
		25016978664BD452AAA98E26 /* [CP] Check Pods Manifest.lock */ = {
			isa = PBXShellScriptBuildPhase;
			buildActionMask = 2147483647;
			files = (
			);
			inputFileListPaths = (
			);
			inputPaths = (
				"${PODS_PODFILE_DIR_PATH}/Podfile.lock",
				"${PODS_ROOT}/Manifest.lock",
			);
			name = "[CP] Check Pods Manifest.lock";
			outputFileListPaths = (
			);
			outputPaths = (
				"$(DERIVED_FILE_DIR)/Pods-P2PDemo-checkManifestLockResult.txt",
			);
			runOnlyForDeploymentPostprocessing = 0;
			shellPath = /bin/sh;
			shellScript = "diff \"${PODS_PODFILE_DIR_PATH}/Podfile.lock\" \"${PODS_ROOT}/Manifest.lock\" > /dev/null\nif [ $? != 0 ] ; then\n    # print error to STDERR\n    echo \"error: The sandbox is not in sync with the Podfile.lock. Run 'pod install' or update your CocoaPods installation.\" >&2\n    exit 1\nfi\n# This output is used by Xcode 'outputs' to avoid re-running this script phase.\necho \"SUCCESS\" > \"${SCRIPT_OUTPUT_FILE_0}\"\n";
			showEnvVarsInLog = 0;
		};
		C0BB62A101C790CC94292256 /* [CP] Copy Pods Resources */ = {
			isa = PBXShellScriptBuildPhase;
			buildActionMask = 2147483647;
			files = (
			);
			inputFileListPaths = (
				"${PODS_ROOT}/Target Support Files/Pods-P2PDemo/Pods-P2PDemo-resources-${CONFIGURATION}-input-files.xcfilelist",
			);
			name = "[CP] Copy Pods Resources";
			outputFileListPaths = (
				"${PODS_ROOT}/Target Support Files/Pods-P2PDemo/Pods-P2PDemo-resources-${CONFIGURATION}-output-files.xcfilelist",
			);
			runOnlyForDeploymentPostprocessing = 0;
			shellPath = /bin/sh;
			shellScript = "\"${PODS_ROOT}/Target Support Files/Pods-P2PDemo/Pods-P2PDemo-resources.sh\"\n";
			showEnvVarsInLog = 0;
		};
/* End PBXShellScriptBuildPhase section */

/* Begin PBXSourcesBuildPhase section */
		63112E90229F67A900D4671C /* Sources */ = {
			isa = PBXSourcesBuildPhase;
			buildActionMask = 2147483647;
			files = (
				63AEF9AA22A76F7C00547E8D /* UIButton+ImageTitleSpacing.m in Sources */,
				63AEF9A722A76ED600547E8D /* ArTimeLable.m in Sources */,
				637165212407721C001B8C2E /* UIViewController+PresentModel.m in Sources */,
				63112EDD229F684A00D4671C /* AppDelegate.m in Sources */,
				63AEF99F22A75B0900547E8D /* ArCallCommon.m in Sources */,
				63AEF9A322A76EAB00547E8D /* ArContactCallView.m in Sources */,
				63112EE0229F684A00D4671C /* ArUserManager.m in Sources */,
				63AEF9B922A7DB5300547E8D /* ArLogView.m in Sources */,
				63112EDE229F684A00D4671C /* ArMainViewController.m in Sources */,
				63112EDF229F684A00D4671C /* UIAlertController+Blocks.m in Sources */,
				63112EE1229F684A00D4671C /* ArCallManager.m in Sources */,
				63112EA7229F67AA00D4671C /* main.m in Sources */,
				6383BF0D233B39E900ABC2F8 /* WMDragView.m in Sources */,
				63112EE2229F684A00D4671C /* ArCallViewController.m in Sources */,
			);
			runOnlyForDeploymentPostprocessing = 0;
		};
		63112EA8229F67AA00D4671C /* Sources */ = {
			isa = PBXSourcesBuildPhase;
			buildActionMask = 2147483647;
			files = (
				63112EB1229F67AA00D4671C /* P2PDemoTests.m in Sources */,
			);
			runOnlyForDeploymentPostprocessing = 0;
		};
		63112EB3229F67AA00D4671C /* Sources */ = {
			isa = PBXSourcesBuildPhase;
			buildActionMask = 2147483647;
			files = (
				63112EBC229F67AA00D4671C /* P2PDemoUITests.m in Sources */,
			);
			runOnlyForDeploymentPostprocessing = 0;
		};
/* End PBXSourcesBuildPhase section */

/* Begin PBXTargetDependency section */
		63112EAE229F67AA00D4671C /* PBXTargetDependency */ = {
			isa = PBXTargetDependency;
			target = 63112E93229F67A900D4671C /* P2PDemo */;
			targetProxy = 63112EAD229F67AA00D4671C /* PBXContainerItemProxy */;
		};
		63112EB9229F67AA00D4671C /* PBXTargetDependency */ = {
			isa = PBXTargetDependency;
			target = 63112E93229F67A900D4671C /* P2PDemo */;
			targetProxy = 63112EB8229F67AA00D4671C /* PBXContainerItemProxy */;
		};
/* End PBXTargetDependency section */

/* Begin XCBuildConfiguration section */
		63112EBE229F67AA00D4671C /* Debug */ = {
			isa = XCBuildConfiguration;
			buildSettings = {
				ALWAYS_SEARCH_USER_PATHS = NO;
				CLANG_ANALYZER_NONNULL = YES;
				CLANG_ANALYZER_NUMBER_OBJECT_CONVERSION = YES_AGGRESSIVE;
				CLANG_CXX_LANGUAGE_STANDARD = "gnu++14";
				CLANG_CXX_LIBRARY = "libc++";
				CLANG_ENABLE_MODULES = YES;
				CLANG_ENABLE_OBJC_ARC = YES;
				CLANG_ENABLE_OBJC_WEAK = YES;
				CLANG_WARN_BLOCK_CAPTURE_AUTORELEASING = YES;
				CLANG_WARN_BOOL_CONVERSION = YES;
				CLANG_WARN_COMMA = YES;
				CLANG_WARN_CONSTANT_CONVERSION = YES;
				CLANG_WARN_DEPRECATED_OBJC_IMPLEMENTATIONS = YES;
				CLANG_WARN_DIRECT_OBJC_ISA_USAGE = YES_ERROR;
				CLANG_WARN_DOCUMENTATION_COMMENTS = YES;
				CLANG_WARN_EMPTY_BODY = YES;
				CLANG_WARN_ENUM_CONVERSION = YES;
				CLANG_WARN_INFINITE_RECURSION = YES;
				CLANG_WARN_INT_CONVERSION = YES;
				CLANG_WARN_NON_LITERAL_NULL_CONVERSION = YES;
				CLANG_WARN_OBJC_IMPLICIT_RETAIN_SELF = YES;
				CLANG_WARN_OBJC_LITERAL_CONVERSION = YES;
				CLANG_WARN_OBJC_ROOT_CLASS = YES_ERROR;
				CLANG_WARN_RANGE_LOOP_ANALYSIS = YES;
				CLANG_WARN_STRICT_PROTOTYPES = YES;
				CLANG_WARN_SUSPICIOUS_MOVE = YES;
				CLANG_WARN_UNGUARDED_AVAILABILITY = YES_AGGRESSIVE;
				CLANG_WARN_UNREACHABLE_CODE = YES;
				CLANG_WARN__DUPLICATE_METHOD_MATCH = YES;
				CODE_SIGN_IDENTITY = "iPhone Developer";
				COPY_PHASE_STRIP = NO;
				DEBUG_INFORMATION_FORMAT = dwarf;
				ENABLE_STRICT_OBJC_MSGSEND = YES;
				ENABLE_TESTABILITY = YES;
				GCC_C_LANGUAGE_STANDARD = gnu11;
				GCC_DYNAMIC_NO_PIC = NO;
				GCC_NO_COMMON_BLOCKS = YES;
				GCC_OPTIMIZATION_LEVEL = 0;
				GCC_PREPROCESSOR_DEFINITIONS = (
					"DEBUG=1",
					"$(inherited)",
				);
				GCC_WARN_64_TO_32_BIT_CONVERSION = YES;
				GCC_WARN_ABOUT_RETURN_TYPE = YES_ERROR;
				GCC_WARN_UNDECLARED_SELECTOR = YES;
				GCC_WARN_UNINITIALIZED_AUTOS = YES_AGGRESSIVE;
				GCC_WARN_UNUSED_FUNCTION = YES;
				GCC_WARN_UNUSED_VARIABLE = YES;
				IPHONEOS_DEPLOYMENT_TARGET = 12.1;
				MTL_ENABLE_DEBUG_INFO = INCLUDE_SOURCE;
				MTL_FAST_MATH = YES;
				ONLY_ACTIVE_ARCH = YES;
				SDKROOT = iphoneos;
			};
			name = Debug;
		};
		63112EBF229F67AA00D4671C /* Release */ = {
			isa = XCBuildConfiguration;
			buildSettings = {
				ALWAYS_SEARCH_USER_PATHS = NO;
				CLANG_ANALYZER_NONNULL = YES;
				CLANG_ANALYZER_NUMBER_OBJECT_CONVERSION = YES_AGGRESSIVE;
				CLANG_CXX_LANGUAGE_STANDARD = "gnu++14";
				CLANG_CXX_LIBRARY = "libc++";
				CLANG_ENABLE_MODULES = YES;
				CLANG_ENABLE_OBJC_ARC = YES;
				CLANG_ENABLE_OBJC_WEAK = YES;
				CLANG_WARN_BLOCK_CAPTURE_AUTORELEASING = YES;
				CLANG_WARN_BOOL_CONVERSION = YES;
				CLANG_WARN_COMMA = YES;
				CLANG_WARN_CONSTANT_CONVERSION = YES;
				CLANG_WARN_DEPRECATED_OBJC_IMPLEMENTATIONS = YES;
				CLANG_WARN_DIRECT_OBJC_ISA_USAGE = YES_ERROR;
				CLANG_WARN_DOCUMENTATION_COMMENTS = YES;
				CLANG_WARN_EMPTY_BODY = YES;
				CLANG_WARN_ENUM_CONVERSION = YES;
				CLANG_WARN_INFINITE_RECURSION = YES;
				CLANG_WARN_INT_CONVERSION = YES;
				CLANG_WARN_NON_LITERAL_NULL_CONVERSION = YES;
				CLANG_WARN_OBJC_IMPLICIT_RETAIN_SELF = YES;
				CLANG_WARN_OBJC_LITERAL_CONVERSION = YES;
				CLANG_WARN_OBJC_ROOT_CLASS = YES_ERROR;
				CLANG_WARN_RANGE_LOOP_ANALYSIS = YES;
				CLANG_WARN_STRICT_PROTOTYPES = YES;
				CLANG_WARN_SUSPICIOUS_MOVE = YES;
				CLANG_WARN_UNGUARDED_AVAILABILITY = YES_AGGRESSIVE;
				CLANG_WARN_UNREACHABLE_CODE = YES;
				CLANG_WARN__DUPLICATE_METHOD_MATCH = YES;
				CODE_SIGN_IDENTITY = "iPhone Developer";
				COPY_PHASE_STRIP = NO;
				DEBUG_INFORMATION_FORMAT = "dwarf-with-dsym";
				ENABLE_NS_ASSERTIONS = NO;
				ENABLE_STRICT_OBJC_MSGSEND = YES;
				GCC_C_LANGUAGE_STANDARD = gnu11;
				GCC_NO_COMMON_BLOCKS = YES;
				GCC_WARN_64_TO_32_BIT_CONVERSION = YES;
				GCC_WARN_ABOUT_RETURN_TYPE = YES_ERROR;
				GCC_WARN_UNDECLARED_SELECTOR = YES;
				GCC_WARN_UNINITIALIZED_AUTOS = YES_AGGRESSIVE;
				GCC_WARN_UNUSED_FUNCTION = YES;
				GCC_WARN_UNUSED_VARIABLE = YES;
				IPHONEOS_DEPLOYMENT_TARGET = 12.1;
				MTL_ENABLE_DEBUG_INFO = NO;
				MTL_FAST_MATH = YES;
				SDKROOT = iphoneos;
				VALIDATE_PRODUCT = YES;
			};
			name = Release;
		};
		63112EC1229F67AA00D4671C /* Debug */ = {
			isa = XCBuildConfiguration;
			baseConfigurationReference = F2BC4A48FAD8FC3AD971B3C3 /* Pods-P2PDemo.debug.xcconfig */;
			buildSettings = {
				ASSETCATALOG_COMPILER_APPICON_NAME = AppIcon;
				ASSETCATALOG_COMPILER_LAUNCHIMAGE_NAME = LaunchImage;
				CODE_SIGN_IDENTITY = "Apple Development";
				CODE_SIGN_STYLE = Automatic;
				DEVELOPMENT_TEAM = 5543CP4MRT;
				ENABLE_BITCODE = NO;
				FRAMEWORK_SEARCH_PATHS = (
					"$(inherited)",
					"$(PROJECT_DIR)/P2PDemo",
				);
				GCC_PREFIX_HEADER = "$(SRCROOT)/$(PROJECT_NAME)/PrefixHeader.pch";
				INFOPLIST_FILE = P2PDemo/Info.plist;
				IPHONEOS_DEPLOYMENT_TARGET = 9.0;
				LD_RUNPATH_SEARCH_PATHS = (
					"$(inherited)",
					"@executable_path/Frameworks",
				);
				PRODUCT_BUNDLE_IDENTIFIER = com.dync.P2PDemo;
				PRODUCT_NAME = "$(TARGET_NAME)";
				PROVISIONING_PROFILE_SPECIFIER = "";
				TARGETED_DEVICE_FAMILY = 1;
			};
			name = Debug;
		};
		63112EC2229F67AA00D4671C /* Release */ = {
			isa = XCBuildConfiguration;
			baseConfigurationReference = 4553A44CAEC91F7E9691BC3E /* Pods-P2PDemo.release.xcconfig */;
			buildSettings = {
				ASSETCATALOG_COMPILER_APPICON_NAME = AppIcon;
				ASSETCATALOG_COMPILER_LAUNCHIMAGE_NAME = LaunchImage;
				CODE_SIGN_IDENTITY = "Apple Development";
				CODE_SIGN_STYLE = Automatic;
				DEVELOPMENT_TEAM = 5543CP4MRT;
				ENABLE_BITCODE = NO;
				FRAMEWORK_SEARCH_PATHS = (
					"$(inherited)",
					"$(PROJECT_DIR)/P2PDemo",
				);
				GCC_PREFIX_HEADER = "$(SRCROOT)/$(PROJECT_NAME)/PrefixHeader.pch";
				INFOPLIST_FILE = P2PDemo/Info.plist;
				IPHONEOS_DEPLOYMENT_TARGET = 9.0;
				LD_RUNPATH_SEARCH_PATHS = (
					"$(inherited)",
					"@executable_path/Frameworks",
				);
				PRODUCT_BUNDLE_IDENTIFIER = com.dync.P2PDemo;
				PRODUCT_NAME = "$(TARGET_NAME)";
				PROVISIONING_PROFILE_SPECIFIER = "";
				TARGETED_DEVICE_FAMILY = 1;
			};
			name = Release;
		};
		63112EC4229F67AA00D4671C /* Debug */ = {
			isa = XCBuildConfiguration;
			buildSettings = {
				BUNDLE_LOADER = "$(TEST_HOST)";
				CODE_SIGN_STYLE = Automatic;
				DEVELOPMENT_TEAM = 5543CP4MRT;
				INFOPLIST_FILE = P2PDemoTests/Info.plist;
				LD_RUNPATH_SEARCH_PATHS = (
					"$(inherited)",
					"@executable_path/Frameworks",
					"@loader_path/Frameworks",
				);
				PRODUCT_BUNDLE_IDENTIFIER = com.ar.P2PDemoTests;
				PRODUCT_NAME = "$(TARGET_NAME)";
				TARGETED_DEVICE_FAMILY = "1,2";
				TEST_HOST = "$(BUILT_PRODUCTS_DIR)/P2PDemo.app/P2PDemo";
			};
			name = Debug;
		};
		63112EC5229F67AA00D4671C /* Release */ = {
			isa = XCBuildConfiguration;
			buildSettings = {
				BUNDLE_LOADER = "$(TEST_HOST)";
				CODE_SIGN_STYLE = Automatic;
				DEVELOPMENT_TEAM = 5543CP4MRT;
				INFOPLIST_FILE = P2PDemoTests/Info.plist;
				LD_RUNPATH_SEARCH_PATHS = (
					"$(inherited)",
					"@executable_path/Frameworks",
					"@loader_path/Frameworks",
				);
				PRODUCT_BUNDLE_IDENTIFIER = com.ar.P2PDemoTests;
				PRODUCT_NAME = "$(TARGET_NAME)";
				TARGETED_DEVICE_FAMILY = "1,2";
				TEST_HOST = "$(BUILT_PRODUCTS_DIR)/P2PDemo.app/P2PDemo";
			};
			name = Release;
		};
		63112EC7229F67AA00D4671C /* Debug */ = {
			isa = XCBuildConfiguration;
			buildSettings = {
				CODE_SIGN_STYLE = Automatic;
				DEVELOPMENT_TEAM = 5543CP4MRT;
				INFOPLIST_FILE = P2PDemoUITests/Info.plist;
				LD_RUNPATH_SEARCH_PATHS = (
					"$(inherited)",
					"@executable_path/Frameworks",
					"@loader_path/Frameworks",
				);
				PRODUCT_BUNDLE_IDENTIFIER = com.ar.P2PDemoUITests;
				PRODUCT_NAME = "$(TARGET_NAME)";
				TARGETED_DEVICE_FAMILY = "1,2";
				TEST_TARGET_NAME = P2PDemo;
			};
			name = Debug;
		};
		63112EC8229F67AA00D4671C /* Release */ = {
			isa = XCBuildConfiguration;
			buildSettings = {
				CODE_SIGN_STYLE = Automatic;
				DEVELOPMENT_TEAM = 5543CP4MRT;
				INFOPLIST_FILE = P2PDemoUITests/Info.plist;
				LD_RUNPATH_SEARCH_PATHS = (
					"$(inherited)",
					"@executable_path/Frameworks",
					"@loader_path/Frameworks",
				);
				PRODUCT_BUNDLE_IDENTIFIER = com.ar.P2PDemoUITests;
				PRODUCT_NAME = "$(TARGET_NAME)";
				TARGETED_DEVICE_FAMILY = "1,2";
				TEST_TARGET_NAME = P2PDemo;
			};
			name = Release;
		};
/* End XCBuildConfiguration section */

/* Begin XCConfigurationList section */
		63112E8F229F67A900D4671C /* Build configuration list for PBXProject "P2PDemo" */ = {
			isa = XCConfigurationList;
			buildConfigurations = (
				63112EBE229F67AA00D4671C /* Debug */,
				63112EBF229F67AA00D4671C /* Release */,
			);
			defaultConfigurationIsVisible = 0;
			defaultConfigurationName = Release;
		};
		63112EC0229F67AA00D4671C /* Build configuration list for PBXNativeTarget "P2PDemo" */ = {
			isa = XCConfigurationList;
			buildConfigurations = (
				63112EC1229F67AA00D4671C /* Debug */,
				63112EC2229F67AA00D4671C /* Release */,
			);
			defaultConfigurationIsVisible = 0;
			defaultConfigurationName = Release;
		};
		63112EC3229F67AA00D4671C /* Build configuration list for PBXNativeTarget "P2PDemoTests" */ = {
			isa = XCConfigurationList;
			buildConfigurations = (
				63112EC4229F67AA00D4671C /* Debug */,
				63112EC5229F67AA00D4671C /* Release */,
			);
			defaultConfigurationIsVisible = 0;
			defaultConfigurationName = Release;
		};
		63112EC6229F67AA00D4671C /* Build configuration list for PBXNativeTarget "P2PDemoUITests" */ = {
			isa = XCConfigurationList;
			buildConfigurations = (
				63112EC7229F67AA00D4671C /* Debug */,
				63112EC8229F67AA00D4671C /* Release */,
			);
			defaultConfigurationIsVisible = 0;
			defaultConfigurationName = Release;
		};
/* End XCConfigurationList section */
	};
	rootObject = 63112E8C229F67A900D4671C /* Project object */;
}
